{
  "lockfileVersion": 1,
  "configVersion": 1,
  "workspaces": {
    "": {
      "name": "secure-store-redis",
      "dependencies": {
        "debug": "4.4.3",
        "ioredis": "^5.9.2",
      },
      "devDependencies": {
        "@biomejs/biome": "^2.0.0",
        "@types/bun": "^1.3.6",
        "@types/debug": "4.1.12",
        "@types/node": "22.19.7",
        "tsx": "^4.21.0",
        "typescript": "5.9.3",
      },
    },
  },
  "packages": {
    "@biomejs/biome": ["@biomejs/biome@2.3.14", "", { "optionalDependencies": { "@biomejs/cli-darwin-arm64": "2.3.14", "@biomejs/cli-darwin-x64": "2.3.14", "@biomejs/cli-linux-arm64": "2.3.14", "@biomejs/cli-linux-arm64-musl": "2.3.14", "@biomejs/cli-linux-x64": "2.3.14", "@biomejs/cli-linux-x64-musl": "2.3.14", "@biomejs/cli-win32-arm64": "2.3.14", "@biomejs/cli-win32-x64": "2.3.14" }, "bin": { "biome": "bin/biome" } }, "sha512-QMT6QviX0WqXJCaiqVMiBUCr5WRQ1iFSjvOLoTk6auKukJMvnMzWucXpwZB0e8F00/1/BsS9DzcKgWH+CLqVuA=="],

    "@biomejs/cli-darwin-arm64": ["@biomejs/cli-darwin-arm64@2.3.14", "", { "os": "darwin", "cpu": "arm64" }, "sha512-UJGPpvWJMkLxSRtpCAKfKh41Q4JJXisvxZL8ChN1eNW3m/WlPFJ6EFDCE7YfUb4XS8ZFi3C1dFpxUJ0Ety5n+A=="],

    "@biomejs/cli-darwin-x64": ["@biomejs/cli-darwin-x64@2.3.14", "", { "os": "darwin", "cpu": "x64" }, "sha512-PNkLNQG6RLo8lG7QoWe/hhnMxJIt1tEimoXpGQjwS/dkdNiKBLPv4RpeQl8o3s1OKI3ZOR5XPiYtmbGGHAOnLA=="],

    "@biomejs/cli-linux-arm64": ["@biomejs/cli-linux-arm64@2.3.14", "", { "os": "linux", "cpu": "arm64" }, "sha512-KT67FKfzIw6DNnUNdYlBg+eU24Go3n75GWK6NwU4+yJmDYFe9i/MjiI+U/iEzKvo0g7G7MZqoyrhIYuND2w8QQ=="],

    "@biomejs/cli-linux-arm64-musl": ["@biomejs/cli-linux-arm64-musl@2.3.14", "", { "os": "linux", "cpu": "arm64" }, "sha512-LInRbXhYujtL3sH2TMCH/UBwJZsoGwfQjBrMfl84CD4hL/41C/EU5mldqf1yoFpsI0iPWuU83U+nB2TUUypWeg=="],

    "@biomejs/cli-linux-x64": ["@biomejs/cli-linux-x64@2.3.14", "", { "os": "linux", "cpu": "x64" }, "sha512-ZsZzQsl9U+wxFrGGS4f6UxREUlgHwmEfu1IrXlgNFrNnd5Th6lIJr8KmSzu/+meSa9f4rzFrbEW9LBBA6ScoMA=="],

    "@biomejs/cli-linux-x64-musl": ["@biomejs/cli-linux-x64-musl@2.3.14", "", { "os": "linux", "cpu": "x64" }, "sha512-KQU7EkbBBuHPW3/rAcoiVmhlPtDSGOGRPv9js7qJVpYTzjQmVR+C9Rfcz+ti8YCH+zT1J52tuBybtP4IodjxZQ=="],

    "@biomejs/cli-win32-arm64": ["@biomejs/cli-win32-arm64@2.3.14", "", { "os": "win32", "cpu": "arm64" }, "sha512-+IKYkj/pUBbnRf1G1+RlyA3LWiDgra1xpS7H2g4BuOzzRbRB+hmlw0yFsLprHhbbt7jUzbzAbAjK/Pn0FDnh1A=="],

    "@biomejs/cli-win32-x64": ["@biomejs/cli-win32-x64@2.3.14", "", { "os": "win32", "cpu": "x64" }, "sha512-oizCjdyQ3WJEswpb3Chdngeat56rIdSYK12JI3iI11Mt5T5EXcZ7WLuowzEaFPNJ3zmOQFliMN8QY1Pi+qsfdQ=="],

    "@esbuild/aix-ppc64": ["@esbuild/aix-ppc64@0.27.2", "", { "os": "aix", "cpu": "ppc64" }, "sha512-GZMB+a0mOMZs4MpDbj8RJp4cw+w1WV5NYD6xzgvzUJ5Ek2jerwfO2eADyI6ExDSUED+1X8aMbegahsJi+8mgpw=="],

    "@esbuild/android-arm": ["@esbuild/android-arm@0.27.2", "", { "os": "android", "cpu": "arm" }, "sha512-DVNI8jlPa7Ujbr1yjU2PfUSRtAUZPG9I1RwW4F4xFB1Imiu2on0ADiI/c3td+KmDtVKNbi+nffGDQMfcIMkwIA=="],

    "@esbuild/android-arm64": ["@esbuild/android-arm64@0.27.2", "", { "os": "android", "cpu": "arm64" }, "sha512-pvz8ZZ7ot/RBphf8fv60ljmaoydPU12VuXHImtAs0XhLLw+EXBi2BLe3OYSBslR4rryHvweW5gmkKFwTiFy6KA=="],

    "@esbuild/android-x64": ["@esbuild/android-x64@0.27.2", "", { "os": "android", "cpu": "x64" }, "sha512-z8Ank4Byh4TJJOh4wpz8g2vDy75zFL0TlZlkUkEwYXuPSgX8yzep596n6mT7905kA9uHZsf/o2OJZubl2l3M7A=="],

    "@esbuild/darwin-arm64": ["@esbuild/darwin-arm64@0.27.2", "", { "os": "darwin", "cpu": "arm64" }, "sha512-davCD2Zc80nzDVRwXTcQP/28fiJbcOwvdolL0sOiOsbwBa72kegmVU0Wrh1MYrbuCL98Omp5dVhQFWRKR2ZAlg=="],

    "@esbuild/darwin-x64": ["@esbuild/darwin-x64@0.27.2", "", { "os": "darwin", "cpu": "x64" }, "sha512-ZxtijOmlQCBWGwbVmwOF/UCzuGIbUkqB1faQRf5akQmxRJ1ujusWsb3CVfk/9iZKr2L5SMU5wPBi1UWbvL+VQA=="],

    "@esbuild/freebsd-arm64": ["@esbuild/freebsd-arm64@0.27.2", "", { "os": "freebsd", "cpu": "arm64" }, "sha512-lS/9CN+rgqQ9czogxlMcBMGd+l8Q3Nj1MFQwBZJyoEKI50XGxwuzznYdwcav6lpOGv5BqaZXqvBSiB/kJ5op+g=="],

    "@esbuild/freebsd-x64": ["@esbuild/freebsd-x64@0.27.2", "", { "os": "freebsd", "cpu": "x64" }, "sha512-tAfqtNYb4YgPnJlEFu4c212HYjQWSO/w/h/lQaBK7RbwGIkBOuNKQI9tqWzx7Wtp7bTPaGC6MJvWI608P3wXYA=="],

    "@esbuild/linux-arm": ["@esbuild/linux-arm@0.27.2", "", { "os": "linux", "cpu": "arm" }, "sha512-vWfq4GaIMP9AIe4yj1ZUW18RDhx6EPQKjwe7n8BbIecFtCQG4CfHGaHuh7fdfq+y3LIA2vGS/o9ZBGVxIDi9hw=="],

    "@esbuild/linux-arm64": ["@esbuild/linux-arm64@0.27.2", "", { "os": "linux", "cpu": "arm64" }, "sha512-hYxN8pr66NsCCiRFkHUAsxylNOcAQaxSSkHMMjcpx0si13t1LHFphxJZUiGwojB1a/Hd5OiPIqDdXONia6bhTw=="],

    "@esbuild/linux-ia32": ["@esbuild/linux-ia32@0.27.2", "", { "os": "linux", "cpu": "ia32" }, "sha512-MJt5BRRSScPDwG2hLelYhAAKh9imjHK5+NE/tvnRLbIqUWa+0E9N4WNMjmp/kXXPHZGqPLxggwVhz7QP8CTR8w=="],

    "@esbuild/linux-loong64": ["@esbuild/linux-loong64@0.27.2", "", { "os": "linux", "cpu": "none" }, "sha512-lugyF1atnAT463aO6KPshVCJK5NgRnU4yb3FUumyVz+cGvZbontBgzeGFO1nF+dPueHD367a2ZXe1NtUkAjOtg=="],

    "@esbuild/linux-mips64el": ["@esbuild/linux-mips64el@0.27.2", "", { "os": "linux", "cpu": "none" }, "sha512-nlP2I6ArEBewvJ2gjrrkESEZkB5mIoaTswuqNFRv/WYd+ATtUpe9Y09RnJvgvdag7he0OWgEZWhviS1OTOKixw=="],

    "@esbuild/linux-ppc64": ["@esbuild/linux-ppc64@0.27.2", "", { "os": "linux", "cpu": "ppc64" }, "sha512-C92gnpey7tUQONqg1n6dKVbx3vphKtTHJaNG2Ok9lGwbZil6DrfyecMsp9CrmXGQJmZ7iiVXvvZH6Ml5hL6XdQ=="],

    "@esbuild/linux-riscv64": ["@esbuild/linux-riscv64@0.27.2", "", { "os": "linux", "cpu": "none" }, "sha512-B5BOmojNtUyN8AXlK0QJyvjEZkWwy/FKvakkTDCziX95AowLZKR6aCDhG7LeF7uMCXEJqwa8Bejz5LTPYm8AvA=="],

    "@esbuild/linux-s390x": ["@esbuild/linux-s390x@0.27.2", "", { "os": "linux", "cpu": "s390x" }, "sha512-p4bm9+wsPwup5Z8f4EpfN63qNagQ47Ua2znaqGH6bqLlmJ4bx97Y9JdqxgGZ6Y8xVTixUnEkoKSHcpRlDnNr5w=="],

    "@esbuild/linux-x64": ["@esbuild/linux-x64@0.27.2", "", { "os": "linux", "cpu": "x64" }, "sha512-uwp2Tip5aPmH+NRUwTcfLb+W32WXjpFejTIOWZFw/v7/KnpCDKG66u4DLcurQpiYTiYwQ9B7KOeMJvLCu/OvbA=="],

    "@esbuild/netbsd-arm64": ["@esbuild/netbsd-arm64@0.27.2", "", { "os": "none", "cpu": "arm64" }, "sha512-Kj6DiBlwXrPsCRDeRvGAUb/LNrBASrfqAIok+xB0LxK8CHqxZ037viF13ugfsIpePH93mX7xfJp97cyDuTZ3cw=="],

    "@esbuild/netbsd-x64": ["@esbuild/netbsd-x64@0.27.2", "", { "os": "none", "cpu": "x64" }, "sha512-HwGDZ0VLVBY3Y+Nw0JexZy9o/nUAWq9MlV7cahpaXKW6TOzfVno3y3/M8Ga8u8Yr7GldLOov27xiCnqRZf0tCA=="],

    "@esbuild/openbsd-arm64": ["@esbuild/openbsd-arm64@0.27.2", "", { "os": "openbsd", "cpu": "arm64" }, "sha512-DNIHH2BPQ5551A7oSHD0CKbwIA/Ox7+78/AWkbS5QoRzaqlev2uFayfSxq68EkonB+IKjiuxBFoV8ESJy8bOHA=="],

    "@esbuild/openbsd-x64": ["@esbuild/openbsd-x64@0.27.2", "", { "os": "openbsd", "cpu": "x64" }, "sha512-/it7w9Nb7+0KFIzjalNJVR5bOzA9Vay+yIPLVHfIQYG/j+j9VTH84aNB8ExGKPU4AzfaEvN9/V4HV+F+vo8OEg=="],

    "@esbuild/openharmony-arm64": ["@esbuild/openharmony-arm64@0.27.2", "", { "os": "none", "cpu": "arm64" }, "sha512-LRBbCmiU51IXfeXk59csuX/aSaToeG7w48nMwA6049Y4J4+VbWALAuXcs+qcD04rHDuSCSRKdmY63sruDS5qag=="],

    "@esbuild/sunos-x64": ["@esbuild/sunos-x64@0.27.2", "", { "os": "sunos", "cpu": "x64" }, "sha512-kMtx1yqJHTmqaqHPAzKCAkDaKsffmXkPHThSfRwZGyuqyIeBvf08KSsYXl+abf5HDAPMJIPnbBfXvP2ZC2TfHg=="],

    "@esbuild/win32-arm64": ["@esbuild/win32-arm64@0.27.2", "", { "os": "win32", "cpu": "arm64" }, "sha512-Yaf78O/B3Kkh+nKABUF++bvJv5Ijoy9AN1ww904rOXZFLWVc5OLOfL56W+C8F9xn5JQZa3UX6m+IktJnIb1Jjg=="],

    "@esbuild/win32-ia32": ["@esbuild/win32-ia32@0.27.2", "", { "os": "win32", "cpu": "ia32" }, "sha512-Iuws0kxo4yusk7sw70Xa2E2imZU5HoixzxfGCdxwBdhiDgt9vX9VUCBhqcwY7/uh//78A1hMkkROMJq9l27oLQ=="],

    "@esbuild/win32-x64": ["@esbuild/win32-x64@0.27.2", "", { "os": "win32", "cpu": "x64" }, "sha512-sRdU18mcKf7F+YgheI/zGf5alZatMUTKj/jNS6l744f9u3WFu4v7twcUI9vu4mknF4Y9aDlblIie0IM+5xxaqQ=="],

    "@ioredis/commands": ["@ioredis/commands@1.5.0", "", {}, "sha512-eUgLqrMf8nJkZxT24JvVRrQya1vZkQh8BBeYNwGDqa5I0VUi8ACx7uFvAaLxintokpTenkK6DASvo/bvNbBGow=="],

    "@types/bun": ["@types/bun@1.3.8", "", { "dependencies": { "bun-types": "1.3.8" } }, "sha512-3LvWJ2q5GerAXYxO2mffLTqOzEu5qnhEAlh48Vnu8WQfnmSwbgagjGZV6BoHKJztENYEDn6QmVd949W4uESRJA=="],

    "@types/debug": ["@types/debug@4.1.12", "", { "dependencies": { "@types/ms": "*" } }, "sha512-vIChWdVG3LG1SMxEvI/AK+FWJthlrqlTu7fbrlywTkkaONwk/UAGaULXRlf8vkzFBLVm0zkMdCquhL5aOjhXPQ=="],

    "@types/ms": ["@types/ms@2.1.0", "", {}, "sha512-GsCCIZDE/p3i96vtEqx+7dBUGXrc7zeSK3wwPHIaRThS+9OhWIXRqzs4d6k1SVU8g91DrNRWxWUGhp5KXQb2VA=="],

    "@types/node": ["@types/node@22.19.7", "", { "dependencies": { "undici-types": "~6.21.0" } }, "sha512-MciR4AKGHWl7xwxkBa6xUGxQJ4VBOmPTF7sL+iGzuahOFaO0jHCsuEfS80pan1ef4gWId1oWOweIhrDEYLuaOw=="],

    "bun-types": ["bun-types@1.3.8", "", { "dependencies": { "@types/node": "*" } }, "sha512-fL99nxdOWvV4LqjmC+8Q9kW3M4QTtTR1eePs94v5ctGqU8OeceWrSUaRw3JYb7tU3FkMIAjkueehrHPPPGKi5Q=="],

    "cluster-key-slot": ["cluster-key-slot@1.1.2", "", {}, "sha512-RMr0FhtfXemyinomL4hrWcYJxmX6deFdCxpJzhDttxgO1+bcCnkk+9drydLVDmAMG7NE6aN/fl4F7ucU/90gAA=="],

    "debug": ["debug@4.4.3", "", { "dependencies": { "ms": "^2.1.3" } }, "sha512-RGwwWnwQvkVfavKVt22FGLw+xYSdzARwm0ru6DhTVA3umU5hZc28V3kO4stgYryrTlLpuvgI9GiijltAjNbcqA=="],

    "denque": ["denque@2.1.0", "", {}, "sha512-HVQE3AAb/pxF8fQAoiqpvg9i3evqug3hoiwakOyZAwJm+6vZehbkYXZ0l4JxS+I3QxM97v5aaRNhj8v5oBhekw=="],

    "esbuild": ["esbuild@0.27.2", "", { "optionalDependencies": { "@esbuild/aix-ppc64": "0.27.2", "@esbuild/android-arm": "0.27.2", "@esbuild/android-arm64": "0.27.2", "@esbuild/android-x64": "0.27.2", "@esbuild/darwin-arm64": "0.27.2", "@esbuild/darwin-x64": "0.27.2", "@esbuild/freebsd-arm64": "0.27.2", "@esbuild/freebsd-x64": "0.27.2", "@esbuild/linux-arm": "0.27.2", "@esbuild/linux-arm64": "0.27.2", "@esbuild/linux-ia32": "0.27.2", "@esbuild/linux-loong64": "0.27.2", "@esbuild/linux-mips64el": "0.27.2", "@esbuild/linux-ppc64": "0.27.2", "@esbuild/linux-riscv64": "0.27.2", "@esbuild/linux-s390x": "0.27.2", "@esbuild/linux-x64": "0.27.2", "@esbuild/netbsd-arm64": "0.27.2", "@esbuild/netbsd-x64": "0.27.2", "@esbuild/openbsd-arm64": "0.27.2", "@esbuild/openbsd-x64": "0.27.2", "@esbuild/openharmony-arm64": "0.27.2", "@esbuild/sunos-x64": "0.27.2", "@esbuild/win32-arm64": "0.27.2", "@esbuild/win32-ia32": "0.27.2", "@esbuild/win32-x64": "0.27.2" }, "bin": { "esbuild": "bin/esbuild" } }, "sha512-HyNQImnsOC7X9PMNaCIeAm4ISCQXs5a5YasTXVliKv4uuBo1dKrG0A+uQS8M5eXjVMnLg3WgXaKvprHlFJQffw=="],

    "fsevents": ["fsevents@2.3.3", "", { "os": "darwin" }, "sha512-5xoDfX+fL7faATnagmWPpbFtwh/R77WmMMqqHGS65C3vvB0YHrgF+B1YmZ3441tMj5n63k0212XNoJwzlhffQw=="],

    "get-tsconfig": ["get-tsconfig@4.13.1", "", { "dependencies": { "resolve-pkg-maps": "^1.0.0" } }, "sha512-EoY1N2xCn44xU6750Sx7OjOIT59FkmstNc3X6y5xpz7D5cBtZRe/3pSlTkDJgqsOk3WwZPkWfonhhUJfttQo3w=="],

    "ioredis": ["ioredis@5.9.2", "", { "dependencies": { "@ioredis/commands": "1.5.0", "cluster-key-slot": "^1.1.0", "debug": "^4.3.4", "denque": "^2.1.0", "lodash.defaults": "^4.2.0", "lodash.isarguments": "^3.1.0", "redis-errors": "^1.2.0", "redis-parser": "^3.0.0", "standard-as-callback": "^2.1.0" } }, "sha512-tAAg/72/VxOUW7RQSX1pIxJVucYKcjFjfvj60L57jrZpYCHC3XN0WCQ3sNYL4Gmvv+7GPvTAjc+KSdeNuE8oWQ=="],

    "lodash.defaults": ["lodash.defaults@4.2.0", "", {}, "sha512-qjxPLHd3r5DnsdGacqOMU6pb/avJzdh9tFX2ymgoZE27BmjXrNy/y4LoaiTeAb+O3gL8AfpJGtqfX/ae2leYYQ=="],

    "lodash.isarguments": ["lodash.isarguments@3.1.0", "", {}, "sha512-chi4NHZlZqZD18a0imDHnZPrDeBbTtVN7GXMwuGdRH9qotxAjYs3aVLKc7zNOG9eddR5Ksd8rvFEBc9SsggPpg=="],

    "ms": ["ms@2.1.3", "", {}, "sha512-6FlzubTLZG3J2a/NVCAleEhjzq5oxgHyaCU9yYXvcLsvoVaHJq/s5xXI6/XXP6tz7R9xAOtHnSO/tXtF3WRTlA=="],

    "redis-errors": ["redis-errors@1.2.0", "", {}, "sha512-1qny3OExCf0UvUV/5wpYKf2YwPcOqXzkwKKSmKHiE6ZMQs5heeE/c8eXK+PNllPvmjgAbfnsbpkGZWy8cBpn9w=="],

    "redis-parser": ["redis-parser@3.0.0", "", { "dependencies": { "redis-errors": "^1.0.0" } }, "sha512-DJnGAeenTdpMEH6uAJRK/uiyEIH9WVsUmoLwzudwGJUwZPp80PDBWPHXSAGNPwNvIXAbe7MSUB1zQFugFml66A=="],

    "resolve-pkg-maps": ["resolve-pkg-maps@1.0.0", "", {}, "sha512-seS2Tj26TBVOC2NIc2rOe2y2ZO7efxITtLZcGSOnHHNOQ7CkiUBfw0Iw2ck6xkIhPwLhKNLS8BO+hEpngQlqzw=="],

    "standard-as-callback": ["standard-as-callback@2.1.0", "", {}, "sha512-qoRRSyROncaz1z0mvYqIE4lCd9p2R90i6GxW3uZv5ucSu8tU7B5HXUP1gG8pVZsYNVaXjk8ClXHPttLyxAL48A=="],

    "tsx": ["tsx@4.21.0", "", { "dependencies": { "esbuild": "~0.27.0", "get-tsconfig": "^4.7.5" }, "optionalDependencies": { "fsevents": "~2.3.3" }, "bin": { "tsx": "dist/cli.mjs" } }, "sha512-5C1sg4USs1lfG0GFb2RLXsdpXqBSEhAaA/0kPL01wxzpMqLILNxIxIOKiILz+cdg/pLnOUxFYOR5yhHU666wbw=="],

    "typescript": ["typescript@5.9.3", "", { "bin": { "tsc": "bin/tsc", "tsserver": "bin/tsserver" } }, "sha512-jl1vZzPDinLr9eUt3J/t7V6FgNEw9QjvBPdysz9KfQDD41fQrC2Y4vKQdiaUpFT4bXlb1RHhLpp8wtm6M5TgSw=="],

    "undici-types": ["undici-types@6.21.0", "", {}, "sha512-iwDZqg0QAGrg9Rav5H4n0M64c3mkR59cJ6wQp+7C4nI0gsmExaedaYLNO44eT4AtBBwjbTiGPMlt2Md0T9H9JQ=="],
  }
}
