{
  "lockfileVersion": 1,
  "configVersion": 1,
  "workspaces": {
    "": {
      "name": "secure-store-redis",
      "dependencies": {
        "debug": "4.4.3",
        "ioredis": "^5.9.2",
      },
      "devDependencies": {
        "@biomejs/biome": "^2.0.0",
        "@types/bun": "^1.3.6",
        "@types/debug": "4.1.13",
        "@types/node": "25.5.0",
        "tsx": "^4.21.0",
        "typescript": "6.0.2",
      },
    },
  },
  "packages": {
    "@biomejs/biome": ["@biomejs/biome@2.4.15", "", { "optionalDependencies": { "@biomejs/cli-darwin-arm64": "2.4.15", "@biomejs/cli-darwin-x64": "2.4.15", "@biomejs/cli-linux-arm64": "2.4.15", "@biomejs/cli-linux-arm64-musl": "2.4.15", "@biomejs/cli-linux-x64": "2.4.15", "@biomejs/cli-linux-x64-musl": "2.4.15", "@biomejs/cli-win32-arm64": "2.4.15", "@biomejs/cli-win32-x64": "2.4.15" }, "bin": { "biome": "bin/biome" } }, "sha512-j5VH3a/h/HXTKBM50MDMxRCzkeLv9S2XJcW2WgnZT1+xyisi+0bISrXR82gCX+8S9lvK0skEvHJRN+3Ktr2hlw=="],

    "@biomejs/cli-darwin-arm64": ["@biomejs/cli-darwin-arm64@2.4.15", "", { "os": "darwin", "cpu": "arm64" }, "sha512-rF3PPqLq1yoST79zaQbDjVJwsuIeci/O+9bgNmC5QpgOqz6aqYuzA4abyAGx+mgyiDXn4A049xAN8gijbuR1Qg=="],

    "@biomejs/cli-darwin-x64": ["@biomejs/cli-darwin-x64@2.4.15", "", { "os": "darwin", "cpu": "x64" }, "sha512-/5KHXYMfSJs1fNXiX30xFtI8JcCFV6zaVVLxOa0M2sfqBKHkpQhRTv94yxQWxeTY2lzo2OuTlNvPC+hDQt2wcQ=="],

    "@biomejs/cli-linux-arm64": ["@biomejs/cli-linux-arm64@2.4.15", "", { "os": "linux", "cpu": "arm64" }, "sha512-owaAMZD/T4LrD0ELNCk0Km3qrRHuM0X6EAyVE1FSqGY0rbLoiDLrO4Us2tllm6cAeB2Ioa9C2C08NZPdr8+0Ug=="],

    "@biomejs/cli-linux-arm64-musl": ["@biomejs/cli-linux-arm64-musl@2.4.15", "", { "os": "linux", "cpu": "arm64" }, "sha512-ZPcxznxm0pogHBLZhYntyR3sR+MrZjqJIKEr7ZqVen0Rl+P/4upVmfYXjftizi9RoqZntg33fv/1fbdhbYXpEQ=="],

    "@biomejs/cli-linux-x64": ["@biomejs/cli-linux-x64@2.4.15", "", { "os": "linux", "cpu": "x64" }, "sha512-0jj7THz12GbUOLmMibktK6DZjqz2zV64KFxyBtcFTKPiiOIY0a7vns1elpO1dERvxpsZ5ik0oFfz0oGwFde1+g=="],

    "@biomejs/cli-linux-x64-musl": ["@biomejs/cli-linux-x64-musl@2.4.15", "", { "os": "linux", "cpu": "x64" }, "sha512-CNq/9W38SYSH023lfcQ4KKU8K0YX8T//FZUhcgtMMRABDojx5XsMV7jlweAvGSl389wJQB29Qo6Zb/a+jdvt+w=="],

    "@biomejs/cli-win32-arm64": ["@biomejs/cli-win32-arm64@2.4.15", "", { "os": "win32", "cpu": "arm64" }, "sha512-ouhkYdlhp/1GghEJPdWwD/Vi3gQ1nFxuSpMolWsbq3Lsq3QUR4jl6UdhhscdCugKU5vOEuMiJhvKj66O0OCq+w=="],

    "@biomejs/cli-win32-x64": ["@biomejs/cli-win32-x64@2.4.15", "", { "os": "win32", "cpu": "x64" }, "sha512-zBrGq5mx5wwpnow4+2BxUvleDM+GNd4sLbPaMapsSLQLD0NGRCquqPBTgN+7XkUteHvj7M+BstuI8tmnV7+HgQ=="],

    "@esbuild/aix-ppc64": ["@esbuild/aix-ppc64@0.28.0", "", { "os": "aix", "cpu": "ppc64" }, "sha512-lhRUCeuOyJQURhTxl4WkpFTjIsbDayJHih5kZC1giwE+MhIzAb7mEsQMqMf18rHLsrb5qI1tafG20mLxEWcWlA=="],

    "@esbuild/android-arm": ["@esbuild/android-arm@0.28.0", "", { "os": "android", "cpu": "arm" }, "sha512-wqh0ByljabXLKHeWXYLqoJ5jKC4XBaw6Hk08OfMrCRd2nP2ZQ5eleDZC41XHyCNgktBGYMbqnrJKq/K/lzPMSQ=="],

    "@esbuild/android-arm64": ["@esbuild/android-arm64@0.28.0", "", { "os": "android", "cpu": "arm64" }, "sha512-+WzIXQOSaGs33tLEgYPYe/yQHf0WTU0X42Jca3y8NWMbUVhp7rUnw+vAsRC/QiDrdD31IszMrZy+qwPOPjd+rw=="],

    "@esbuild/android-x64": ["@esbuild/android-x64@0.28.0", "", { "os": "android", "cpu": "x64" }, "sha512-+VJggoaKhk2VNNqVL7f6S189UzShHC/mR9EE8rDdSkdpN0KflSwWY/gWjDrNxxisg8Fp1ZCD9jLMo4m0OUfeUA=="],

    "@esbuild/darwin-arm64": ["@esbuild/darwin-arm64@0.28.0", "", { "os": "darwin", "cpu": "arm64" }, "sha512-0T+A9WZm+bZ84nZBtk1ckYsOvyA3x7e2Acj1KdVfV4/2tdG4fzUp91YHx+GArWLtwqp77pBXVCPn2We7Letr0Q=="],

    "@esbuild/darwin-x64": ["@esbuild/darwin-x64@0.28.0", "", { "os": "darwin", "cpu": "x64" }, "sha512-fyzLm/DLDl/84OCfp2f/XQ4flmORsjU7VKt8HLjvIXChJoFFOIL6pLJPH4Yhd1n1gGFF9mPwtlN5Wf82DZs+LQ=="],

    "@esbuild/freebsd-arm64": ["@esbuild/freebsd-arm64@0.28.0", "", { "os": "freebsd", "cpu": "arm64" }, "sha512-l9GeW5UZBT9k9brBYI+0WDffcRxgHQD8ShN2Ur4xWq/NFzUKm3k5lsH4PdaRgb2w7mI9u61nr2gI2mLI27Nh3Q=="],

    "@esbuild/freebsd-x64": ["@esbuild/freebsd-x64@0.28.0", "", { "os": "freebsd", "cpu": "x64" }, "sha512-BXoQai/A0wPO6Es3yFJ7APCiKGc1tdAEOgeTNy3SsB491S3aHn4S4r3e976eUnPdU+NbdtmBuLncYir2tMU9Nw=="],

    "@esbuild/linux-arm": ["@esbuild/linux-arm@0.28.0", "", { "os": "linux", "cpu": "arm" }, "sha512-CjaaREJagqJp7iTaNQjjidaNbCKYcd4IDkzbwwxtSvjI7NZm79qiHc8HqciMddQ6CKvJT6aBd8lO9kN/ZudLlw=="],

    "@esbuild/linux-arm64": ["@esbuild/linux-arm64@0.28.0", "", { "os": "linux", "cpu": "arm64" }, "sha512-RVyzfb3FWsGA55n6WY0MEIEPURL1FcbhFE6BffZEMEekfCzCIMtB5yyDcFnVbTnwk+CLAgTujmV/Lgvih56W+A=="],

    "@esbuild/linux-ia32": ["@esbuild/linux-ia32@0.28.0", "", { "os": "linux", "cpu": "ia32" }, "sha512-KBnSTt1kxl9x70q+ydterVdl+Cn0H18ngRMRCEQfrbqdUuntQQ0LoMZv47uB97NljZFzY6HcfqEZ2SAyIUTQBQ=="],

    "@esbuild/linux-loong64": ["@esbuild/linux-loong64@0.28.0", "", { "os": "linux", "cpu": "none" }, "sha512-zpSlUce1mnxzgBADvxKXX5sl8aYQHo2ezvMNI8I0lbblJtp8V4odlm3Yzlj7gPyt3T8ReksE6bK+pT3WD+aJRg=="],

    "@esbuild/linux-mips64el": ["@esbuild/linux-mips64el@0.28.0", "", { "os": "linux", "cpu": "none" }, "sha512-2jIfP6mmjkdmeTlsX/9vmdmhBmKADrWqN7zcdtHIeNSCH1SqIoNI63cYsjQR8J+wGa4Y5izRcSHSm8K3QWmk3w=="],

    "@esbuild/linux-ppc64": ["@esbuild/linux-ppc64@0.28.0", "", { "os": "linux", "cpu": "ppc64" }, "sha512-bc0FE9wWeC0WBm49IQMPSPILRocGTQt3j5KPCA8os6VprfuJ7KD+5PzESSrJ6GmPIPJK965ZJHTUlSA6GNYEhg=="],

    "@esbuild/linux-riscv64": ["@esbuild/linux-riscv64@0.28.0", "", { "os": "linux", "cpu": "none" }, "sha512-SQPZOwoTTT/HXFXQJG/vBX8sOFagGqvZyXcgLA3NhIqcBv1BJU1d46c0rGcrij2B56Z2rNiSLaZOYW5cUk7yLQ=="],

    "@esbuild/linux-s390x": ["@esbuild/linux-s390x@0.28.0", "", { "os": "linux", "cpu": "s390x" }, "sha512-SCfR0HN8CEEjnYnySJTd2cw0k9OHB/YFzt5zgJEwa+wL/T/raGWYMBqwDNAC6dqFKmJYZoQBRfHjgwLHGSrn3Q=="],

    "@esbuild/linux-x64": ["@esbuild/linux-x64@0.28.0", "", { "os": "linux", "cpu": "x64" }, "sha512-us0dSb9iFxIi8srnpl931Nvs65it/Jd2a2K3qs7fz2WfGPHqzfzZTfec7oxZJRNPXPnNYZtanmRc4AL/JwVzHQ=="],

    "@esbuild/netbsd-arm64": ["@esbuild/netbsd-arm64@0.28.0", "", { "os": "none", "cpu": "arm64" }, "sha512-CR/RYotgtCKwtftMwJlUU7xCVNg3lMYZ0RzTmAHSfLCXw3NtZtNpswLEj/Kkf6kEL3Gw+BpOekRX0BYCtklhUw=="],

    "@esbuild/netbsd-x64": ["@esbuild/netbsd-x64@0.28.0", "", { "os": "none", "cpu": "x64" }, "sha512-nU1yhmYutL+fQ71Kxnhg8uEOdC0pwEW9entHykTgEbna2pw2dkbFSMeqjjyHZoCmt8SBkOSvV+yNmm94aUrrqw=="],

    "@esbuild/openbsd-arm64": ["@esbuild/openbsd-arm64@0.28.0", "", { "os": "openbsd", "cpu": "arm64" }, "sha512-cXb5vApOsRsxsEl4mcZ1XY3D4DzcoMxR/nnc4IyqYs0rTI8ZKmW6kyyg+11Z8yvgMfAEldKzP7AdP64HnSC/6g=="],

    "@esbuild/openbsd-x64": ["@esbuild/openbsd-x64@0.28.0", "", { "os": "openbsd", "cpu": "x64" }, "sha512-8wZM2qqtv9UP3mzy7HiGYNH/zjTA355mpeuA+859TyR+e+Tc08IHYpLJuMsfpDJwoLo1ikIJI8jC3GFjnRClzA=="],

    "@esbuild/openharmony-arm64": ["@esbuild/openharmony-arm64@0.28.0", "", { "os": "none", "cpu": "arm64" }, "sha512-FLGfyizszcef5C3YtoyQDACyg95+dndv79i2EekILBofh5wpCa1KuBqOWKrEHZg3zrL3t5ouE5jgr94vA+Wb2w=="],

    "@esbuild/sunos-x64": ["@esbuild/sunos-x64@0.28.0", "", { "os": "sunos", "cpu": "x64" }, "sha512-1ZgjUoEdHZZl/YlV76TSCz9Hqj9h9YmMGAgAPYd+q4SicWNX3G5GCyx9uhQWSLcbvPW8Ni7lj4gDa1T40akdlw=="],

    "@esbuild/win32-arm64": ["@esbuild/win32-arm64@0.28.0", "", { "os": "win32", "cpu": "arm64" }, "sha512-Q9StnDmQ/enxnpxCCLSg0oo4+34B9TdXpuyPeTedN/6+iXBJ4J+zwfQI28u/Jl40nOYAxGoNi7mFP40RUtkmUA=="],

    "@esbuild/win32-ia32": ["@esbuild/win32-ia32@0.28.0", "", { "os": "win32", "cpu": "ia32" }, "sha512-zF3ag/gfiCe6U2iczcRzSYJKH1DCI+ByzSENHlM2FcDbEeo5Zd2C86Aq0tKUYAJJ1obRP84ymxIAksZUcdztHA=="],

    "@esbuild/win32-x64": ["@esbuild/win32-x64@0.28.0", "", { "os": "win32", "cpu": "x64" }, "sha512-pEl1bO9mfAmIC+tW5btTmrKaujg3zGtUmWNdCw/xs70FBjwAL3o9OEKNHvNmnyylD6ubxUERiEhdsL0xBQ9efw=="],

    "@ioredis/commands": ["@ioredis/commands@1.5.1", "", {}, "sha512-JH8ZL/ywcJyR9MmJ5BNqZllXNZQqQbnVZOqpPQqE1vHiFgAw4NHbvE0FOduNU8IX9babitBT46571OnPTT0Zcw=="],

    "@types/bun": ["@types/bun@1.3.14", "", { "dependencies": { "bun-types": "1.3.14" } }, "sha512-h1hFqFVcvAvD9j9K7ZW7vd82aSA+rTdznZa+5bwvCwqSB1jmmfLcbIWhOLx1/+boy/xmjgCs/OMUL8hRJSmnPw=="],

    "@types/debug": ["@types/debug@4.1.13", "", { "dependencies": { "@types/ms": "*" } }, "sha512-KSVgmQmzMwPlmtljOomayoR89W4FynCAi3E8PPs7vmDVPe84hT+vGPKkJfThkmXs0x0jAaa9U8uW8bbfyS2fWw=="],

    "@types/ms": ["@types/ms@2.1.0", "", {}, "sha512-GsCCIZDE/p3i96vtEqx+7dBUGXrc7zeSK3wwPHIaRThS+9OhWIXRqzs4d6k1SVU8g91DrNRWxWUGhp5KXQb2VA=="],

    "@types/node": ["@types/node@25.5.0", "", { "dependencies": { "undici-types": "~7.18.0" } }, "sha512-jp2P3tQMSxWugkCUKLRPVUpGaL5MVFwF8RDuSRztfwgN1wmqJeMSbKlnEtQqU8UrhTmzEmZdu2I6v2dpp7XIxw=="],

    "bun-types": ["bun-types@1.3.14", "", { "dependencies": { "@types/node": "*" } }, "sha512-4N0ig0fEomHt5R0KCFWjovxow98rIoRwKolrYdCcknNwMekCXRnWEUvgu5soYV8QXtVsrUD8B95MBOZGPvr6KQ=="],

    "cluster-key-slot": ["cluster-key-slot@1.1.2", "", {}, "sha512-RMr0FhtfXemyinomL4hrWcYJxmX6deFdCxpJzhDttxgO1+bcCnkk+9drydLVDmAMG7NE6aN/fl4F7ucU/90gAA=="],

    "debug": ["debug@4.4.3", "", { "dependencies": { "ms": "^2.1.3" }, "peerDependencies": { "supports-color": "*" }, "optionalPeers": ["supports-color"] }, "sha512-RGwwWnwQvkVfavKVt22FGLw+xYSdzARwm0ru6DhTVA3umU5hZc28V3kO4stgYryrTlLpuvgI9GiijltAjNbcqA=="],

    "denque": ["denque@2.1.0", "", {}, "sha512-HVQE3AAb/pxF8fQAoiqpvg9i3evqug3hoiwakOyZAwJm+6vZehbkYXZ0l4JxS+I3QxM97v5aaRNhj8v5oBhekw=="],

    "esbuild": ["esbuild@0.28.0", "", { "optionalDependencies": { "@esbuild/aix-ppc64": "0.28.0", "@esbuild/android-arm": "0.28.0", "@esbuild/android-arm64": "0.28.0", "@esbuild/android-x64": "0.28.0", "@esbuild/darwin-arm64": "0.28.0", "@esbuild/darwin-x64": "0.28.0", "@esbuild/freebsd-arm64": "0.28.0", "@esbuild/freebsd-x64": "0.28.0", "@esbuild/linux-arm": "0.28.0", "@esbuild/linux-arm64": "0.28.0", "@esbuild/linux-ia32": "0.28.0", "@esbuild/linux-loong64": "0.28.0", "@esbuild/linux-mips64el": "0.28.0", "@esbuild/linux-ppc64": "0.28.0", "@esbuild/linux-riscv64": "0.28.0", "@esbuild/linux-s390x": "0.28.0", "@esbuild/linux-x64": "0.28.0", "@esbuild/netbsd-arm64": "0.28.0", "@esbuild/netbsd-x64": "0.28.0", "@esbuild/openbsd-arm64": "0.28.0", "@esbuild/openbsd-x64": "0.28.0", "@esbuild/openharmony-arm64": "0.28.0", "@esbuild/sunos-x64": "0.28.0", "@esbuild/win32-arm64": "0.28.0", "@esbuild/win32-ia32": "0.28.0", "@esbuild/win32-x64": "0.28.0" }, "bin": { "esbuild": "bin/esbuild" } }, "sha512-sNR9MHpXSUV/XB4zmsFKN+QgVG82Cc7+/aaxJ8Adi8hyOac+EXptIp45QBPaVyX3N70664wRbTcLTOemCAnyqw=="],

    "fsevents": ["fsevents@2.3.3", "", { "os": "darwin" }, "sha512-5xoDfX+fL7faATnagmWPpbFtwh/R77WmMMqqHGS65C3vvB0YHrgF+B1YmZ3441tMj5n63k0212XNoJwzlhffQw=="],

    "ioredis": ["ioredis@5.10.1", "", { "dependencies": { "@ioredis/commands": "1.5.1", "cluster-key-slot": "^1.1.0", "debug": "^4.3.4", "denque": "^2.1.0", "lodash.defaults": "^4.2.0", "lodash.isarguments": "^3.1.0", "redis-errors": "^1.2.0", "redis-parser": "^3.0.0", "standard-as-callback": "^2.1.0" } }, "sha512-HuEDBTI70aYdx1v6U97SbNx9F1+svQKBDo30o0b9fw055LMepzpOOd0Ccg9Q6tbqmBSJaMuY0fB7yw9/vjBYCA=="],

    "lodash.defaults": ["lodash.defaults@4.2.0", "", {}, "sha512-qjxPLHd3r5DnsdGacqOMU6pb/avJzdh9tFX2ymgoZE27BmjXrNy/y4LoaiTeAb+O3gL8AfpJGtqfX/ae2leYYQ=="],

    "lodash.isarguments": ["lodash.isarguments@3.1.0", "", {}, "sha512-chi4NHZlZqZD18a0imDHnZPrDeBbTtVN7GXMwuGdRH9qotxAjYs3aVLKc7zNOG9eddR5Ksd8rvFEBc9SsggPpg=="],

    "ms": ["ms@2.1.3", "", {}, "sha512-6FlzubTLZG3J2a/NVCAleEhjzq5oxgHyaCU9yYXvcLsvoVaHJq/s5xXI6/XXP6tz7R9xAOtHnSO/tXtF3WRTlA=="],

    "redis-errors": ["redis-errors@1.2.0", "", {}, "sha512-1qny3OExCf0UvUV/5wpYKf2YwPcOqXzkwKKSmKHiE6ZMQs5heeE/c8eXK+PNllPvmjgAbfnsbpkGZWy8cBpn9w=="],

    "redis-parser": ["redis-parser@3.0.0", "", { "dependencies": { "redis-errors": "^1.0.0" } }, "sha512-DJnGAeenTdpMEH6uAJRK/uiyEIH9WVsUmoLwzudwGJUwZPp80PDBWPHXSAGNPwNvIXAbe7MSUB1zQFugFml66A=="],

    "standard-as-callback": ["standard-as-callback@2.1.0", "", {}, "sha512-qoRRSyROncaz1z0mvYqIE4lCd9p2R90i6GxW3uZv5ucSu8tU7B5HXUP1gG8pVZsYNVaXjk8ClXHPttLyxAL48A=="],

    "tsx": ["tsx@4.22.2", "", { "dependencies": { "esbuild": "~0.28.0" }, "optionalDependencies": { "fsevents": "~2.3.3" }, "bin": { "tsx": "dist/cli.mjs" } }, "sha512-6w9FwtT8WQqRAyTNR+Z+86kghRqpmOLjXUrBlBT6T+CQGDuIMm0VmAqaFUFBIeKDTGobE6/YSigZYLeomzBaRg=="],

    "typescript": ["typescript@6.0.2", "", { "bin": { "tsc": "bin/tsc", "tsserver": "bin/tsserver" } }, "sha512-bGdAIrZ0wiGDo5l8c++HWtbaNCWTS4UTv7RaTH/ThVIgjkveJt83m74bBHMJkuCbslY8ixgLBVZJIOiQlQTjfQ=="],

    "undici-types": ["undici-types@7.18.2", "", {}, "sha512-AsuCzffGHJybSaRrmr5eHr81mwJU3kjw6M+uprWvCXiNeN9SOGwQ3Jn8jb8m3Z6izVgknn1R0FTCEAP2QrLY/w=="],
  }
}
